
Microsoft Visual Studio Solution File, Format Version 12.00
# Visual Studio Version 16
VisualStudioVersion = 16.0.30804.86
MinimumVisualStudioVersion = 10.0.40219.1
Project("{2150E333-8FDC-42A3-9474-1A3956D46DE8}") = "Doc", "Doc", "{D015B45B-F014-4CC3-9E8C-0B033D7FCB2E}"
	ProjectSection(SolutionItems) = preProject
		Readme.md = Readme.md
	EndProjectSection
EndProject
Project("{2150E333-8FDC-42A3-9474-1A3956D46DE8}") = "Tests", "Tests", "{707BA385-E36E-404E-8EE6-4A19FC5974AB}"
EndProject
Project("{2150E333-8FDC-42A3-9474-1A3956D46DE8}") = "Src", "Src", "{C1C501D4-4D0E-41BA-A1B5-4A67987CA337}"
EndProject
Project("{FAE04EC0-301F-11D3-BF4B-00C04F79EFBC}") = "AppForPipelines.ConsoleApp", "AppForPipelines.ConsoleApp\AppForPipelines.ConsoleApp.csproj", "{048B2872-3716-448B-B2D9-A961E913B2DD}"
EndProject
Global
	GlobalSection(SolutionConfigurationPlatforms) = preSolution
		Debug|Any CPU = Debug|Any CPU
		Release|Any CPU = Release|Any CPU
	EndGlobalSection
	GlobalSection(ProjectConfigurationPlatforms) = postSolution
		{048B2872-3716-448B-B2D9-A961E913B2DD}.Debug|Any CPU.ActiveCfg = Debug|Any CPU
		{048B2872-3716-448B-B2D9-A961E913B2DD}.Debug|Any CPU.Build.0 = Debug|Any CPU
		{048B2872-3716-448B-B2D9-A961E913B2DD}.Release|Any CPU.ActiveCfg = Release|Any CPU
		{048B2872-3716-448B-B2D9-A961E913B2DD}.Release|Any CPU.Build.0 = Release|Any CPU
	EndGlobalSection
	GlobalSection(SolutionProperties) = preSolution
		HideSolutionNode = FALSE
	EndGlobalSection
	GlobalSection(NestedProjects) = preSolution
		{048B2872-3716-448B-B2D9-A961E913B2DD} = {C1C501D4-4D0E-41BA-A1B5-4A67987CA337}
	EndGlobalSection
	GlobalSection(ExtensibilityGlobals) = postSolution
		SolutionGuid = {0A6AD748-661B-4787-8CF2-1DD1CC93B010}
	EndGlobalSection
EndGlobal
